<?xml version="1.0" encoding="utf-8"?>
<Project ToolsVersion="4.0" xmlns="http://schemas.microsoft.com/developer/msbuild/2003">
  <ItemGroup>
    <ClCompile Include="Source\FrameBuffer.cpp">
      <Filter>Source</Filter>
    </ClCompile>
    <ClCompile Include="Source\Main.cpp">
      <Filter>Source</Filter>
    </ClCompile>
    <ClCompile Include="Source\Renderer.cpp">
      <Filter>Source</Filter>
    </ClCompile>
    <ClCompile Include="Source\Image.cpp">
      <Filter>Source</Filter>
    </ClCompile>
    <ClCompile Include="Source\PostProcess.cpp">
      <Filter>Source</Filter>
    </ClCompile>
    <ClCompile Include="Source\Color.cpp">
      <Filter>Source</Filter>
    </ClCompile>
    <ClCompile Include="Source\ETime.cpp">
      <Filter>Source</Filter>
    </ClCompile>
    <ClCompile Include="Source\Input.cpp">
      <Filter>Source</Filter>
    </ClCompile>
    <ClCompile Include="Source\Model.cpp">
      <Filter>Source</Filter>
    </ClCompile>
    <ClCompile Include="Source\Camera.cpp">
      <Filter>Source</Filter>
    </ClCompile>
    <ClCompile Include="Source\Actor.cpp" />
  </ItemGroup>
  <ItemGroup>
    <ClInclude Include="Source\FrameBuffer.h">
      <Filter>Header</Filter>
    </ClInclude>
    <ClInclude Include="Source\Image.h">
      <Filter>Header</Filter>
    </ClInclude>
    <ClInclude Include="Source\PostProcess.h">
      <Filter>Header</Filter>
    </ClInclude>
    <ClInclude Include="Source\Renderer.h">
      <Filter>Header</Filter>
    </ClInclude>
    <ClInclude Include="Source\MathUtils.h">
      <Filter>Header</Filter>
    </ClInclude>
    <ClInclude Include="Source\Color.h">
      <Filter>Header</Filter>
    </ClInclude>
    <ClInclude Include="Source\ETime.h">
      <Filter>Header</Filter>
    </ClInclude>
    <ClInclude Include="Source\Input.h">
      <Filter>Header</Filter>
    </ClInclude>
    <ClInclude Include="Source\Random.h">
      <Filter>Header</Filter>
    </ClInclude>
    <ClInclude Include="Source\Transform.h">
      <Filter>Header</Filter>
    </ClInclude>
    <ClInclude Include="Source\Model.h">
      <Filter>Header</Filter>
    </ClInclude>
    <ClInclude Include="Source\Camera.h">
      <Filter>Header</Filter>
    </ClInclude>
    <ClInclude Include="Source\Actor.h">
      <Filter>Header</Filter>
    </ClInclude>
  </ItemGroup>
  <ItemGroup>
    <Filter Include="Source">
      <UniqueIdentifier>{41c03fa0-ba6b-426c-8d90-c07e0a537ccc}</UniqueIdentifier>
    </Filter>
    <Filter Include="Header">
      <UniqueIdentifier>{840ff3e8-e1aa-41d8-ba7a-32ec4db65bc0}</UniqueIdentifier>
    </Filter>
  </ItemGroup>
</Project>